
Microsoft Visual Studio Solution File, Format Version 12.00
# Visual Studio 14
VisualStudioVersion = 14.0.25420.1
MinimumVisualStudioVersion = 10.0.40219.1
Project("{FAE04EC0-301F-11D3-BF4B-00C04F79EFBC}") = "JD Azure Website", "JD Azure Website\JD Azure Website.csproj", "{4E489E92-2511-42B2-96D0-E63C5B0E779D}"
EndProject
Global
	GlobalSection(SolutionConfigurationPlatforms) = preSolution
		Debug|Any CPU = Debug|Any CPU
		Release|Any CPU = Release|Any CPU
	EndGlobalSection
	GlobalSection(ProjectConfigurationPlatforms) = postSolution
		{4E489E92-2511-42B2-96D0-E63C5B0E779D}.Debug|Any CPU.ActiveCfg = Debug|Any CPU
		{4E489E92-2511-42B2-96D0-E63C5B0E779D}.Debug|Any CPU.Build.0 = Debug|Any CPU
		{4E489E92-2511-42B2-96D0-E63C5B0E779D}.Release|Any CPU.ActiveCfg = Release|Any CPU
		{4E489E92-2511-42B2-96D0-E63C5B0E779D}.Release|Any CPU.Build.0 = Release|Any CPU
	EndGlobalSection
	GlobalSection(SolutionProperties) = preSolution
		HideSolutionNode = FALSE
	EndGlobalSection
EndGlobal
